
Microsoft Visual Studio Solution File, Format Version 12.00
Project("{2150E333-8FDC-42A3-9474-1A3956D46DE8}") = "src", "src", "{49FB98B8-E6D9-4CEB-9836-8A7801B210FB}"
EndProject
Project("{FAE04EC0-301F-11D3-BF4B-00C04F79EFBC}") = "Cashto.Api", "src\Cashto.Api\Cashto.Api.csproj", "{2ED3E3CD-2EB7-4012-9EF9-86CD9D104424}"
EndProject
Project("{FAE04EC0-301F-11D3-BF4B-00C04F79EFBC}") = "Cashto.Communication", "src\Cashto.Communication\Cashto.Communication.csproj", "{011E017B-F5EA-4B17-AD50-82C1D466D743}"
EndProject
Project("{FAE04EC0-301F-11D3-BF4B-00C04F79EFBC}") = "Cashto.Infrastructure", "src\Cashto.Infrastructure\Cashto.Infrastructure.csproj", "{137730BC-AA56-4AE4-A978-7FE84D0E5BC4}"
EndProject
Project("{FAE04EC0-301F-11D3-BF4B-00C04F79EFBC}") = "Cashto.Domain", "src\Cashto.Domain\Cashto.Domain.csproj", "{FFCAFAD1-A38D-407A-BDBD-6547F9E407B6}"
EndProject
Project("{FAE04EC0-301F-11D3-BF4B-00C04F79EFBC}") = "Cashto.Application", "src\Cashto.Application\Cashto.Application.csproj", "{5E700A69-E39F-4EF9-ABC6-D69346AE8097}"
EndProject
Project("{FAE04EC0-301F-11D3-BF4B-00C04F79EFBC}") = "Cashto.Exception", "src\Cashto.Exception\Cashto.Exception.csproj", "{9EB5946E-3A58-42B3-8B91-589F0A08CCF5}"
EndProject
Project("{2150E333-8FDC-42A3-9474-1A3956D46DE8}") = "tests", "tests", "{2C27EF03-5599-40D2-944A-0234F5AC6D76}"
EndProject
Project("{FAE04EC0-301F-11D3-BF4B-00C04F79EFBC}") = "Cashto.ValidatorsTest", "tests\Cashto.ValidatorsTest\Cashto.ValidatorsTest.csproj", "{9F0B7A8D-7605-475E-9D4D-A90794A83DFC}"
EndProject
Project("{FAE04EC0-301F-11D3-BF4B-00C04F79EFBC}") = "Cashto.TstsUtilities", "tests\Cashto.TstsUtilities\Cashto.TstsUtilities.csproj", "{1FCEEDB0-97DD-42DC-97D9-8F061317957A}"
EndProject
Project("{FAE04EC0-301F-11D3-BF4B-00C04F79EFBC}") = "Cashto.UseCaseTests", "tests\Cashto.UseCaseTests\Cashto.UseCaseTests.csproj", "{651FE23C-7F8A-4239-A57D-409013C707DA}"
EndProject
Global
	GlobalSection(SolutionConfigurationPlatforms) = preSolution
		Debug|Any CPU = Debug|Any CPU
		Release|Any CPU = Release|Any CPU
	EndGlobalSection
	GlobalSection(NestedProjects) = preSolution
		{2ED3E3CD-2EB7-4012-9EF9-86CD9D104424} = {49FB98B8-E6D9-4CEB-9836-8A7801B210FB}
		{011E017B-F5EA-4B17-AD50-82C1D466D743} = {49FB98B8-E6D9-4CEB-9836-8A7801B210FB}
		{137730BC-AA56-4AE4-A978-7FE84D0E5BC4} = {49FB98B8-E6D9-4CEB-9836-8A7801B210FB}
		{FFCAFAD1-A38D-407A-BDBD-6547F9E407B6} = {49FB98B8-E6D9-4CEB-9836-8A7801B210FB}
		{5E700A69-E39F-4EF9-ABC6-D69346AE8097} = {49FB98B8-E6D9-4CEB-9836-8A7801B210FB}
		{9EB5946E-3A58-42B3-8B91-589F0A08CCF5} = {49FB98B8-E6D9-4CEB-9836-8A7801B210FB}
		{9F0B7A8D-7605-475E-9D4D-A90794A83DFC} = {2C27EF03-5599-40D2-944A-0234F5AC6D76}
		{1FCEEDB0-97DD-42DC-97D9-8F061317957A} = {2C27EF03-5599-40D2-944A-0234F5AC6D76}
		{651FE23C-7F8A-4239-A57D-409013C707DA} = {2C27EF03-5599-40D2-944A-0234F5AC6D76}
	EndGlobalSection
	GlobalSection(ProjectConfigurationPlatforms) = postSolution
		{2ED3E3CD-2EB7-4012-9EF9-86CD9D104424}.Debug|Any CPU.ActiveCfg = Debug|Any CPU
		{2ED3E3CD-2EB7-4012-9EF9-86CD9D104424}.Debug|Any CPU.Build.0 = Debug|Any CPU
		{2ED3E3CD-2EB7-4012-9EF9-86CD9D104424}.Release|Any CPU.ActiveCfg = Release|Any CPU
		{2ED3E3CD-2EB7-4012-9EF9-86CD9D104424}.Release|Any CPU.Build.0 = Release|Any CPU
		{011E017B-F5EA-4B17-AD50-82C1D466D743}.Debug|Any CPU.ActiveCfg = Debug|Any CPU
		{011E017B-F5EA-4B17-AD50-82C1D466D743}.Debug|Any CPU.Build.0 = Debug|Any CPU
		{011E017B-F5EA-4B17-AD50-82C1D466D743}.Release|Any CPU.ActiveCfg = Release|Any CPU
		{011E017B-F5EA-4B17-AD50-82C1D466D743}.Release|Any CPU.Build.0 = Release|Any CPU
		{137730BC-AA56-4AE4-A978-7FE84D0E5BC4}.Debug|Any CPU.ActiveCfg = Debug|Any CPU
		{137730BC-AA56-4AE4-A978-7FE84D0E5BC4}.Debug|Any CPU.Build.0 = Debug|Any CPU
		{137730BC-AA56-4AE4-A978-7FE84D0E5BC4}.Release|Any CPU.ActiveCfg = Release|Any CPU
		{137730BC-AA56-4AE4-A978-7FE84D0E5BC4}.Release|Any CPU.Build.0 = Release|Any CPU
		{FFCAFAD1-A38D-407A-BDBD-6547F9E407B6}.Debug|Any CPU.ActiveCfg = Debug|Any CPU
		{FFCAFAD1-A38D-407A-BDBD-6547F9E407B6}.Debug|Any CPU.Build.0 = Debug|Any CPU
		{FFCAFAD1-A38D-407A-BDBD-6547F9E407B6}.Release|Any CPU.ActiveCfg = Release|Any CPU
		{FFCAFAD1-A38D-407A-BDBD-6547F9E407B6}.Release|Any CPU.Build.0 = Release|Any CPU
		{5E700A69-E39F-4EF9-ABC6-D69346AE8097}.Debug|Any CPU.ActiveCfg = Debug|Any CPU
		{5E700A69-E39F-4EF9-ABC6-D69346AE8097}.Debug|Any CPU.Build.0 = Debug|Any CPU
		{5E700A69-E39F-4EF9-ABC6-D69346AE8097}.Release|Any CPU.ActiveCfg = Release|Any CPU
		{5E700A69-E39F-4EF9-ABC6-D69346AE8097}.Release|Any CPU.Build.0 = Release|Any CPU
		{9EB5946E-3A58-42B3-8B91-589F0A08CCF5}.Debug|Any CPU.ActiveCfg = Debug|Any CPU
		{9EB5946E-3A58-42B3-8B91-589F0A08CCF5}.Debug|Any CPU.Build.0 = Debug|Any CPU
		{9EB5946E-3A58-42B3-8B91-589F0A08CCF5}.Release|Any CPU.ActiveCfg = Release|Any CPU
		{9EB5946E-3A58-42B3-8B91-589F0A08CCF5}.Release|Any CPU.Build.0 = Release|Any CPU
		{9F0B7A8D-7605-475E-9D4D-A90794A83DFC}.Debug|Any CPU.ActiveCfg = Debug|Any CPU
		{9F0B7A8D-7605-475E-9D4D-A90794A83DFC}.Debug|Any CPU.Build.0 = Debug|Any CPU
		{9F0B7A8D-7605-475E-9D4D-A90794A83DFC}.Release|Any CPU.ActiveCfg = Release|Any CPU
		{9F0B7A8D-7605-475E-9D4D-A90794A83DFC}.Release|Any CPU.Build.0 = Release|Any CPU
		{1FCEEDB0-97DD-42DC-97D9-8F061317957A}.Debug|Any CPU.ActiveCfg = Debug|Any CPU
		{1FCEEDB0-97DD-42DC-97D9-8F061317957A}.Debug|Any CPU.Build.0 = Debug|Any CPU
		{1FCEEDB0-97DD-42DC-97D9-8F061317957A}.Release|Any CPU.ActiveCfg = Release|Any CPU
		{1FCEEDB0-97DD-42DC-97D9-8F061317957A}.Release|Any CPU.Build.0 = Release|Any CPU
		{651FE23C-7F8A-4239-A57D-409013C707DA}.Debug|Any CPU.ActiveCfg = Debug|Any CPU
		{651FE23C-7F8A-4239-A57D-409013C707DA}.Debug|Any CPU.Build.0 = Debug|Any CPU
		{651FE23C-7F8A-4239-A57D-409013C707DA}.Release|Any CPU.ActiveCfg = Release|Any CPU
		{651FE23C-7F8A-4239-A57D-409013C707DA}.Release|Any CPU.Build.0 = Release|Any CPU
	EndGlobalSection
EndGlobal
